
Microsoft Visual Studio Solution File, Format Version 12.00
# Visual Studio 15
VisualStudioVersion = 15.0.27703.2035
MinimumVisualStudioVersion = 10.0.40219.1
Project("{FAE04EC0-301F-11D3-BF4B-00C04F79EFBC}") = "NBitcoin.Dynamic", "NBitcoin.Dynamic\NBitcoin.Dynamic.csproj", "{74686675-D346-4F41-8D3C-1626A123B239}"
EndProject
Global
	GlobalSection(SolutionConfigurationPlatforms) = preSolution
		Debug|Any CPU = Debug|Any CPU
		Release|Any CPU = Release|Any CPU
	EndGlobalSection
	GlobalSection(ProjectConfigurationPlatforms) = postSolution
		{74686675-D346-4F41-8D3C-1626A123B239}.Debug|Any CPU.ActiveCfg = Debug|Any CPU
		{74686675-D346-4F41-8D3C-1626A123B239}.Debug|Any CPU.Build.0 = Debug|Any CPU
		{74686675-D346-4F41-8D3C-1626A123B239}.Release|Any CPU.ActiveCfg = Release|Any CPU
		{74686675-D346-4F41-8D3C-1626A123B239}.Release|Any CPU.Build.0 = Release|Any CPU
	EndGlobalSection
	GlobalSection(SolutionProperties) = preSolution
		HideSolutionNode = FALSE
	EndGlobalSection
	GlobalSection(ExtensibilityGlobals) = postSolution
		SolutionGuid = {A8DCE799-213D-454D-9070-CDBAAF0547EA}
	EndGlobalSection
EndGlobal
